
Microsoft Visual Studio Solution File, Format Version 12.00
# Visual Studio Version 17
VisualStudioVersion = 17.1.32228.430
MinimumVisualStudioVersion = 10.0.40219.1
Project("{FAE04EC0-301F-11D3-BF4B-00C04F79EFBC}") = "WebPanel", "WebPanel\WebPanel.csproj", "{0CB98942-4382-4D7C-9720-09B11D10CC5D}"
EndProject
Project("{FAE04EC0-301F-11D3-BF4B-00C04F79EFBC}") = "Domain", "Domain\Domain.csproj", "{1FCF3A95-8898-4CD7-B789-EDD04F9336B9}"
EndProject
Project("{FAE04EC0-301F-11D3-BF4B-00C04F79EFBC}") = "EfCoreDAL", "EfCoreDAL\EfCoreDAL.csproj", "{71C1A78F-58B2-4DBD-AC7A-8F6F4F16C605}"
EndProject
Global
	GlobalSection(SolutionConfigurationPlatforms) = preSolution
		Debug|Any CPU = Debug|Any CPU
		Release|Any CPU = Release|Any CPU
	EndGlobalSection
	GlobalSection(ProjectConfigurationPlatforms) = postSolution
		{0CB98942-4382-4D7C-9720-09B11D10CC5D}.Debug|Any CPU.ActiveCfg = Debug|Any CPU
		{0CB98942-4382-4D7C-9720-09B11D10CC5D}.Debug|Any CPU.Build.0 = Debug|Any CPU
		{0CB98942-4382-4D7C-9720-09B11D10CC5D}.Release|Any CPU.ActiveCfg = Release|Any CPU
		{0CB98942-4382-4D7C-9720-09B11D10CC5D}.Release|Any CPU.Build.0 = Release|Any CPU
		{1FCF3A95-8898-4CD7-B789-EDD04F9336B9}.Debug|Any CPU.ActiveCfg = Debug|Any CPU
		{1FCF3A95-8898-4CD7-B789-EDD04F9336B9}.Debug|Any CPU.Build.0 = Debug|Any CPU
		{1FCF3A95-8898-4CD7-B789-EDD04F9336B9}.Release|Any CPU.ActiveCfg = Release|Any CPU
		{1FCF3A95-8898-4CD7-B789-EDD04F9336B9}.Release|Any CPU.Build.0 = Release|Any CPU
		{71C1A78F-58B2-4DBD-AC7A-8F6F4F16C605}.Debug|Any CPU.ActiveCfg = Debug|Any CPU
		{71C1A78F-58B2-4DBD-AC7A-8F6F4F16C605}.Debug|Any CPU.Build.0 = Debug|Any CPU
		{71C1A78F-58B2-4DBD-AC7A-8F6F4F16C605}.Release|Any CPU.ActiveCfg = Release|Any CPU
		{71C1A78F-58B2-4DBD-AC7A-8F6F4F16C605}.Release|Any CPU.Build.0 = Release|Any CPU
	EndGlobalSection
	GlobalSection(SolutionProperties) = preSolution
		HideSolutionNode = FALSE
	EndGlobalSection
	GlobalSection(ExtensibilityGlobals) = postSolution
		SolutionGuid = {672EB5F5-3D19-4715-8FDC-900D16819521}
	EndGlobalSection
EndGlobal
